<?xml version="1.0" encoding="utf-8"?>
<Project ToolsVersion="4.0" xmlns="http://schemas.microsoft.com/developer/msbuild/2003">
  <ItemGroup>
    <Filter Include="Source Files">
      <UniqueIdentifier>{4FC737F1-C7A5-4376-A066-2A32D752A2FF}</UniqueIdentifier>
      <Extensions>cpp;c;cc;cxx;c++;cppm;ixx;def;odl;idl;hpj;bat;asm;asmx</Extensions>
    </Filter>
    <Filter Include="Header Files">
      <UniqueIdentifier>{93995380-89BD-4b04-88EB-625FBE52EBFB}</UniqueIdentifier>
      <Extensions>h;hh;hpp;hxx;h++;hm;inl;inc;ipp;xsd</Extensions>
    </Filter>
    <Filter Include="Resource Files">
      <UniqueIdentifier>{67DA6AB6-F800-4c08-8B7A-83BB121AAD01}</UniqueIdentifier>
      <Extensions>rc;ico;cur;bmp;dlg;rc2;rct;bin;rgs;gif;jpg;jpeg;jpe;resx;tiff;tif;png;wav;mfcribbon-ms</Extensions>
    </Filter>
    <Filter Include="Resource Files\shaders">
      <UniqueIdentifier>{97e4f9e7-f973-4543-9a0e-c22a4adcc1be}</UniqueIdentifier>
    </Filter>
  </ItemGroup>
  <ItemGroup>
    <ClInclude Include="CheckerboardPattern.hxx">
      <Filter>Header Files</Filter>
    </ClInclude>
    <ClInclude Include="gfx_view.hxx">
      <Filter>Header Files</Filter>
    </ClInclude>
    <ClInclude Include="GradientPattern.hxx">
      <Filter>Header Files</Filter>
    </ClInclude>
    <ClInclude Include="PixelFormat.hxx">
      <Filter>Header Files</Filter>
    </ClInclude>
    <ClInclude Include="EasyApi.hxx">
      <Filter>Header Files</Filter>
    </ClInclude>
    <ClInclude Include="PipelineManager.hxx">
      <Filter>Header Files</Filter>
    </ClInclude>
    <ClInclude Include="CheckerboardRenderer.hxx">
      <Filter>Header Files</Filter>
    </ClInclude>
    <ClInclude Include="GradientRenderer.hxx">
      <Filter>Header Files</Filter>
    </ClInclude>
    <ClInclude Include="PaletteRenderer.hxx">
      <Filter>Header Files</Filter>
    </ClInclude>
    <ClInclude Include="PaletteData.hxx">
      <Filter>Header Files</Filter>
    </ClInclude>
    <ClInclude Include="GfxRenderer.hxx">
      <Filter>Header Files</Filter>
    </ClInclude>
    <ClInclude Include="GfxData.hxx">
      <Filter>Header Files</Filter>
    </ClInclude>
    <ClInclude Include="ObjRenderer.hxx">
      <Filter>Header Files</Filter>
    </ClInclude>
    <ClInclude Include="ObjData.hxx">
      <Filter>Header Files</Filter>
    </ClInclude>
    <ClInclude Include="OverlayRenderer.hxx">
      <Filter>Header Files</Filter>
    </ClInclude>
    <ClInclude Include="Map16Renderer.hxx">
      <Filter>Header Files</Filter>
    </ClInclude>
    <ClInclude Include="Map16Data.hxx">
      <Filter>Header Files</Filter>
    </ClInclude>
    <ClInclude Include="LineRenderer.hxx">
      <Filter>Header Files</Filter>
    </ClInclude>
    <ClInclude Include="ChrRenderer.hxx">
      <Filter>Header Files</Filter>
    </ClInclude>
  </ItemGroup>
  <ItemGroup>
    <ClCompile Include="EasyApi.cxx">
      <Filter>Source Files</Filter>
    </ClCompile>
    <ClCompile Include="PipelineManager.cxx">
      <Filter>Source Files</Filter>
    </ClCompile>
    <ClCompile Include="CheckerboardRenderer.cxx">
      <Filter>Source Files</Filter>
    </ClCompile>
    <ClCompile Include="GradientRenderer.cxx">
      <Filter>Source Files</Filter>
    </ClCompile>
    <ClCompile Include="PaletteRenderer.cxx">
      <Filter>Source Files</Filter>
    </ClCompile>
    <ClCompile Include="GfxRenderer.cxx">
      <Filter>Source Files</Filter>
    </ClCompile>
    <ClCompile Include="ObjRenderer.cxx">
      <Filter>Source Files</Filter>
    </ClCompile>
    <ClCompile Include="OverlayRenderer.cxx">
      <Filter>Source Files</Filter>
    </ClCompile>
    <ClCompile Include="Map16Renderer.cxx">
      <Filter>Source Files</Filter>
    </ClCompile>
    <ClCompile Include="LineRenderer.cxx">
      <Filter>Source Files</Filter>
    </ClCompile>
    <ClCompile Include="ChrRenderer.cxx">
      <Filter>Source Files</Filter>
    </ClCompile>
  </ItemGroup>
  <ItemGroup>
    <None Include="cpp.hint" />
    <None Include="shaders\flat.vert">
      <Filter>Resource Files\shaders</Filter>
    </None>
    <None Include="shaders\checker.frag">
      <Filter>Resource Files\shaders</Filter>
    </None>
    <None Include="shaders\line.vert">
      <Filter>Resource Files\shaders</Filter>
    </None>
    <None Include="shaders\highlight.frag">
      <Filter>Resource Files\shaders</Filter>
    </None>
    <None Include="shaders\gfx.frag">
      <Filter>Resource Files\shaders</Filter>
    </None>
    <None Include="shaders\obj.frag">
      <Filter>Resource Files\shaders</Filter>
    </None>
    <None Include="shaders\gradient.frag">
      <Filter>Resource Files\shaders</Filter>
    </None>
    <None Include="shaders\tilemap.vert">
      <Filter>Resource Files\shaders</Filter>
    </None>
    <None Include="shaders\palette.frag">
      <Filter>Resource Files\shaders</Filter>
    </None>
    <None Include="shaders\get_palette_color.glsl">
      <Filter>Resource Files\shaders</Filter>
    </None>
    <None Include="shaders\get_color_index.glsl">
      <Filter>Resource Files\shaders</Filter>
    </None>
    <None Include="shaders\gfx_formats.glsl">
      <Filter>Resource Files\shaders</Filter>
    </None>
    <None Include="shaders\get_obj_properties.glsl">
      <Filter>Resource Files\shaders</Filter>
    </None>
    <None Include="shaders\overlay.frag">
      <Filter>Resource Files\shaders</Filter>
    </None>
    <None Include="shaders\map.frag">
      <Filter>Resource Files\shaders</Filter>
    </None>
    <None Include="shaders\get_obj_tile.glsl">
      <Filter>Resource Files\shaders</Filter>
    </None>
    <None Include="shaders\get_tile_index.glsl">
      <Filter>Resource Files\shaders</Filter>
    </None>
    <None Include="shaders\line.frag">
      <Filter>Resource Files\shaders</Filter>
    </None>
    <None Include="shaders\chr.frag">
      <Filter>Resource Files\shaders</Filter>
    </None>
    <None Include="shaders\chr.vert">
      <Filter>Resource Files\shaders</Filter>
    </None>
  </ItemGroup>
</Project>