<?xml version="1.0" encoding="utf-8"?>
<Project ToolsVersion="4.0" xmlns="http://schemas.microsoft.com/developer/msbuild/2003">
  <ItemGroup>
    <Filter Include="Source Files">
      <UniqueIdentifier>{4FC737F1-C7A5-4376-A066-2A32D752A2FF}</UniqueIdentifier>
      <Extensions>cpp;c;cc;cxx;c++;cppm;ixx;def;odl;idl;hpj;bat;asm;asmx</Extensions>
    </Filter>
    <Filter Include="Header Files">
      <UniqueIdentifier>{93995380-89BD-4b04-88EB-625FBE52EBFB}</UniqueIdentifier>
      <Extensions>h;hh;hpp;hxx;h++;hm;inl;inc;ipp;xsd</Extensions>
    </Filter>
    <Filter Include="Resource Files">
      <UniqueIdentifier>{67DA6AB6-F800-4c08-8B7A-83BB121AAD01}</UniqueIdentifier>
      <Extensions>rc;ico;cur;bmp;dlg;rc2;rct;bin;rgs;gif;jpg;jpeg;jpe;resx;tiff;tif;png;wav;mfcribbon-ms</Extensions>
    </Filter>
    <Filter Include="Resource Files\shaders">
      <UniqueIdentifier>{97e4f9e7-f973-4543-9a0e-c22a4adcc1be}</UniqueIdentifier>
    </Filter>
  </ItemGroup>
  <ItemGroup>
    <ClInclude Include="QueueFamilyIndices.hxx">
      <Filter>Header Files</Filter>
    </ClInclude>
    <ClInclude Include="Version.hxx">
      <Filter>Header Files</Filter>
    </ClInclude>
    <ClInclude Include="VulkanError.hxx">
      <Filter>Header Files</Filter>
    </ClInclude>
    <ClInclude Include="PalettePipeline.hxx">
      <Filter>Header Files</Filter>
    </ClInclude>
    <ClInclude Include="Surface.hxx">
      <Filter>Header Files</Filter>
    </ClInclude>
    <ClInclude Include="Instance.hxx">
      <Filter>Header Files</Filter>
    </ClInclude>
    <ClInclude Include="shader_module_from_file.hxx">
      <Filter>Header Files</Filter>
    </ClInclude>
    <ClInclude Include="SwapChainSupportDetails.hxx">
      <Filter>Header Files</Filter>
    </ClInclude>
    <ClInclude Include="vma_unique_handles.hxx">
      <Filter>Header Files</Filter>
    </ClInclude>
    <ClInclude Include="get_default_format.hxx">
      <Filter>Header Files</Filter>
    </ClInclude>
    <ClInclude Include="RenderTarget.hxx">
      <Filter>Header Files</Filter>
    </ClInclude>
    <ClInclude Include="TestPipeline.hxx">
      <Filter>Header Files</Filter>
    </ClInclude>
    <ClInclude Include="SnesRenderApi.hxx">
      <Filter>Header Files</Filter>
    </ClInclude>
    <ClInclude Include="TestUniformBufferPipeline.hxx">
      <Filter>Header Files</Filter>
    </ClInclude>
    <ClInclude Include="TestUniformBuffers.hxx">
      <Filter>Header Files</Filter>
    </ClInclude>
    <ClInclude Include="create_buffer.hxx">
      <Filter>Header Files</Filter>
    </ClInclude>
    <ClInclude Include="Vertex.hxx">
      <Filter>Header Files</Filter>
    </ClInclude>
    <ClInclude Include="BufferHelper.hxx">
      <Filter>Header Files</Filter>
    </ClInclude>
    <ClInclude Include="make_handles.hxx">
      <Filter>Header Files</Filter>
    </ClInclude>
    <ClInclude Include="VertexBufferHelper.hxx">
      <Filter>Header Files</Filter>
    </ClInclude>
    <ClInclude Include="ImageTarget.hxx">
      <Filter>Header Files</Filter>
    </ClInclude>
  </ItemGroup>
  <ItemGroup>
    <ClCompile Include="QueueFamilyIndices.cxx">
      <Filter>Source Files</Filter>
    </ClCompile>
    <ClCompile Include="SnesRenderApi.cxx">
      <Filter>Source Files</Filter>
    </ClCompile>
    <ClCompile Include="PalettePipeline.cxx">
      <Filter>Source Files</Filter>
    </ClCompile>
    <ClCompile Include="Instance.cxx">
      <Filter>Source Files</Filter>
    </ClCompile>
    <ClCompile Include="shader_module_from_file.cxx">
      <Filter>Source Files</Filter>
    </ClCompile>
    <ClCompile Include="VulkanError.cxx">
      <Filter>Source Files</Filter>
    </ClCompile>
    <ClCompile Include="SwapChainSupportDetails.cxx">
      <Filter>Source Files</Filter>
    </ClCompile>
    <ClCompile Include="vk_mem_alloc.cxx">
      <Filter>Source Files</Filter>
    </ClCompile>
    <ClCompile Include="Surface.cxx">
      <Filter>Source Files</Filter>
    </ClCompile>
    <ClCompile Include="get_default_format.cxx">
      <Filter>Source Files</Filter>
    </ClCompile>
    <ClCompile Include="RenderTarget.cxx">
      <Filter>Source Files</Filter>
    </ClCompile>
    <ClCompile Include="TestPipeline.cxx">
      <Filter>Source Files</Filter>
    </ClCompile>
    <ClCompile Include="TestUniformBufferPipeline.cxx">
      <Filter>Source Files</Filter>
    </ClCompile>
    <ClCompile Include="TestUniformBuffers.cxx">
      <Filter>Source Files</Filter>
    </ClCompile>
    <ClCompile Include="create_buffer.cxx">
      <Filter>Source Files</Filter>
    </ClCompile>
    <ClCompile Include="Vertex.cxx">
      <Filter>Source Files</Filter>
    </ClCompile>
    <ClCompile Include="BufferHelper.cxx">
      <Filter>Source Files</Filter>
    </ClCompile>
    <ClCompile Include="VertexBufferHelper.cxx">
      <Filter>Source Files</Filter>
    </ClCompile>
    <ClCompile Include="ImageTarget.cxx">
      <Filter>Source Files</Filter>
    </ClCompile>
  </ItemGroup>
  <ItemGroup>
    <None Include="cpp.hint" />
    <None Include="shaders\palette.frag">
      <Filter>Resource Files\shaders</Filter>
    </None>
    <None Include="shaders\flat.vert">
      <Filter>Resource Files\shaders</Filter>
    </None>
    <None Include="shaders\compile.bat">
      <Filter>Resource Files</Filter>
    </None>
    <None Include="shaders\blank.frag">
      <Filter>Resource Files\shaders</Filter>
    </None>
    <None Include="shaders\triangle.vert">
      <Filter>Resource Files\shaders</Filter>
    </None>
    <None Include="shaders\triangle2.vert">
      <Filter>Resource Files\shaders</Filter>
    </None>
    <None Include="shaders\color.frag">
      <Filter>Resource Files\shaders</Filter>
    </None>
  </ItemGroup>
</Project>